
Microsoft Visual Studio Solution File, Format Version 12.00
# Visual Studio Version 16
VisualStudioVersion = 16.0.30621.155
MinimumVisualStudioVersion = 10.0.40219.1
Project("{FAE04EC0-301F-11D3-BF4B-00C04F79EFBC}") = "FinalSeminar", "FinalSeminar\FinalSeminar.csproj", "{538AD4EE-D94A-4A2F-820B-5E3F7E9DA3D4}"
EndProject
Global
	GlobalSection(SolutionConfigurationPlatforms) = preSolution
		Debug|Any CPU = Debug|Any CPU
		Release|Any CPU = Release|Any CPU
	EndGlobalSection
	GlobalSection(ProjectConfigurationPlatforms) = postSolution
		{538AD4EE-D94A-4A2F-820B-5E3F7E9DA3D4}.Debug|Any CPU.ActiveCfg = Debug|Any CPU
		{538AD4EE-D94A-4A2F-820B-5E3F7E9DA3D4}.Debug|Any CPU.Build.0 = Debug|Any CPU
		{538AD4EE-D94A-4A2F-820B-5E3F7E9DA3D4}.Release|Any CPU.ActiveCfg = Release|Any CPU
		{538AD4EE-D94A-4A2F-820B-5E3F7E9DA3D4}.Release|Any CPU.Build.0 = Release|Any CPU
	EndGlobalSection
	GlobalSection(SolutionProperties) = preSolution
		HideSolutionNode = FALSE
	EndGlobalSection
	GlobalSection(ExtensibilityGlobals) = postSolution
		SolutionGuid = {2A2CC17F-5676-4B2F-8490-B8CB99B8C94F}
	EndGlobalSection
EndGlobal
